
Microsoft Visual Studio Solution File, Format Version 12.00
# Visual Studio Version 17
VisualStudioVersion = 17.7.34031.279
MinimumVisualStudioVersion = 10.0.40219.1
Project("{FAE04EC0-301F-11D3-BF4B-00C04F79EFBC}") = "Juego_FizzBuzz", "Juego_FizzBuzz\Juego_FizzBuzz.csproj", "{C9CA291D-FB58-4F55-980D-984DC7FCA911}"
EndProject
Global
	GlobalSection(SolutionConfigurationPlatforms) = preSolution
		Debug|Any CPU = Debug|Any CPU
		Release|Any CPU = Release|Any CPU
	EndGlobalSection
	GlobalSection(ProjectConfigurationPlatforms) = postSolution
		{C9CA291D-FB58-4F55-980D-984DC7FCA911}.Debug|Any CPU.ActiveCfg = Debug|Any CPU
		{C9CA291D-FB58-4F55-980D-984DC7FCA911}.Debug|Any CPU.Build.0 = Debug|Any CPU
		{C9CA291D-FB58-4F55-980D-984DC7FCA911}.Release|Any CPU.ActiveCfg = Release|Any CPU
		{C9CA291D-FB58-4F55-980D-984DC7FCA911}.Release|Any CPU.Build.0 = Release|Any CPU
	EndGlobalSection
	GlobalSection(SolutionProperties) = preSolution
		HideSolutionNode = FALSE
	EndGlobalSection
	GlobalSection(ExtensibilityGlobals) = postSolution
		SolutionGuid = {F3861982-C006-4D84-82CC-186F8CDFF5BC}
	EndGlobalSection
EndGlobal
